
Microsoft Visual Studio Solution File, Format Version 12.00
# Visual Studio 14
VisualStudioVersion = 14.0.25420.1
MinimumVisualStudioVersion = 10.0.40219.1
Project("{FAE04EC0-301F-11D3-BF4B-00C04F79EFBC}") = "Szyfr_przestawieniowy", "Szyfr_przestawieniowy\Szyfr_przestawieniowy.csproj", "{B47D963B-2D3A-4444-86CE-E4F74A8163D7}"
EndProject
Project("{FAE04EC0-301F-11D3-BF4B-00C04F79EFBC}") = "Szyfr_homofoniczny", "Szyfr_homofoniczny\Szyfr_homofoniczny.csproj", "{4C5A081F-3BF1-4F2C-AFE4-EFC2F2D42C23}"
EndProject
Project("{FAE04EC0-301F-11D3-BF4B-00C04F79EFBC}") = "Szyfr_playfair", "Szyfr_playfair\Szyfr_playfair.csproj", "{6FE4B1E0-A453-4821-8962-5172266CC8EC}"
EndProject
Global
	GlobalSection(SolutionConfigurationPlatforms) = preSolution
		Debug|Any CPU = Debug|Any CPU
		Release|Any CPU = Release|Any CPU
	EndGlobalSection
	GlobalSection(ProjectConfigurationPlatforms) = postSolution
		{B47D963B-2D3A-4444-86CE-E4F74A8163D7}.Debug|Any CPU.ActiveCfg = Debug|Any CPU
		{B47D963B-2D3A-4444-86CE-E4F74A8163D7}.Debug|Any CPU.Build.0 = Debug|Any CPU
		{B47D963B-2D3A-4444-86CE-E4F74A8163D7}.Release|Any CPU.ActiveCfg = Release|Any CPU
		{B47D963B-2D3A-4444-86CE-E4F74A8163D7}.Release|Any CPU.Build.0 = Release|Any CPU
		{4C5A081F-3BF1-4F2C-AFE4-EFC2F2D42C23}.Debug|Any CPU.ActiveCfg = Debug|Any CPU
		{4C5A081F-3BF1-4F2C-AFE4-EFC2F2D42C23}.Debug|Any CPU.Build.0 = Debug|Any CPU
		{4C5A081F-3BF1-4F2C-AFE4-EFC2F2D42C23}.Release|Any CPU.ActiveCfg = Release|Any CPU
		{4C5A081F-3BF1-4F2C-AFE4-EFC2F2D42C23}.Release|Any CPU.Build.0 = Release|Any CPU
		{6FE4B1E0-A453-4821-8962-5172266CC8EC}.Debug|Any CPU.ActiveCfg = Debug|Any CPU
		{6FE4B1E0-A453-4821-8962-5172266CC8EC}.Debug|Any CPU.Build.0 = Debug|Any CPU
		{6FE4B1E0-A453-4821-8962-5172266CC8EC}.Release|Any CPU.ActiveCfg = Release|Any CPU
		{6FE4B1E0-A453-4821-8962-5172266CC8EC}.Release|Any CPU.Build.0 = Release|Any CPU
	EndGlobalSection
	GlobalSection(SolutionProperties) = preSolution
		HideSolutionNode = FALSE
	EndGlobalSection
EndGlobal
